
Microsoft Visual Studio Solution File, Format Version 12.00
# Visual Studio Version 17
VisualStudioVersion = 17.1.31911.260
MinimumVisualStudioVersion = 10.0.40219.1
Project("{8BC9CEB8-8B4A-11D0-8D11-00A0C91BC942}") = "TremblayIsland", "TremblayIsland.vcxproj", "{61F87FA0-E97F-410D-99FC-4C9F39A9C9E2}"
EndProject
Global
	GlobalSection(SolutionConfigurationPlatforms) = preSolution
		Debug|ARM = Debug|ARM
		Debug|ARM64 = Debug|ARM64
		Debug|x64 = Debug|x64
		Debug|x86 = Debug|x86
		Release|ARM = Release|ARM
		Release|ARM64 = Release|ARM64
		Release|x64 = Release|x64
		Release|x86 = Release|x86
	EndGlobalSection
	GlobalSection(ProjectConfigurationPlatforms) = postSolution
		{61F87FA0-E97F-410D-99FC-4C9F39A9C9E2}.Debug|ARM.ActiveCfg = Debug|ARM
		{61F87FA0-E97F-410D-99FC-4C9F39A9C9E2}.Debug|ARM.Build.0 = Debug|ARM
		{61F87FA0-E97F-410D-99FC-4C9F39A9C9E2}.Debug|ARM.Deploy.0 = Debug|ARM
		{61F87FA0-E97F-410D-99FC-4C9F39A9C9E2}.Debug|ARM64.ActiveCfg = Debug|ARM64
		{61F87FA0-E97F-410D-99FC-4C9F39A9C9E2}.Debug|ARM64.Build.0 = Debug|ARM64
		{61F87FA0-E97F-410D-99FC-4C9F39A9C9E2}.Debug|ARM64.Deploy.0 = Debug|ARM64
		{61F87FA0-E97F-410D-99FC-4C9F39A9C9E2}.Debug|x64.ActiveCfg = Debug|x64
		{61F87FA0-E97F-410D-99FC-4C9F39A9C9E2}.Debug|x64.Build.0 = Debug|x64
		{61F87FA0-E97F-410D-99FC-4C9F39A9C9E2}.Debug|x64.Deploy.0 = Debug|x64
		{61F87FA0-E97F-410D-99FC-4C9F39A9C9E2}.Debug|x86.ActiveCfg = Debug|x86
		{61F87FA0-E97F-410D-99FC-4C9F39A9C9E2}.Debug|x86.Build.0 = Debug|x86
		{61F87FA0-E97F-410D-99FC-4C9F39A9C9E2}.Debug|x86.Deploy.0 = Debug|x86
		{61F87FA0-E97F-410D-99FC-4C9F39A9C9E2}.Release|ARM.ActiveCfg = Release|ARM
		{61F87FA0-E97F-410D-99FC-4C9F39A9C9E2}.Release|ARM.Build.0 = Release|ARM
		{61F87FA0-E97F-410D-99FC-4C9F39A9C9E2}.Release|ARM.Deploy.0 = Release|ARM
		{61F87FA0-E97F-410D-99FC-4C9F39A9C9E2}.Release|ARM64.ActiveCfg = Release|ARM64
		{61F87FA0-E97F-410D-99FC-4C9F39A9C9E2}.Release|ARM64.Build.0 = Release|ARM64
		{61F87FA0-E97F-410D-99FC-4C9F39A9C9E2}.Release|ARM64.Deploy.0 = Release|ARM64
		{61F87FA0-E97F-410D-99FC-4C9F39A9C9E2}.Release|x64.ActiveCfg = Release|x64
		{61F87FA0-E97F-410D-99FC-4C9F39A9C9E2}.Release|x64.Build.0 = Release|x64
		{61F87FA0-E97F-410D-99FC-4C9F39A9C9E2}.Release|x64.Deploy.0 = Release|x64
		{61F87FA0-E97F-410D-99FC-4C9F39A9C9E2}.Release|x86.ActiveCfg = Release|x86
		{61F87FA0-E97F-410D-99FC-4C9F39A9C9E2}.Release|x86.Build.0 = Release|x86
		{61F87FA0-E97F-410D-99FC-4C9F39A9C9E2}.Release|x86.Deploy.0 = Release|x86
	EndGlobalSection
	GlobalSection(SolutionProperties) = preSolution
		HideSolutionNode = FALSE
	EndGlobalSection
	GlobalSection(ExtensibilityGlobals) = postSolution
		SolutionGuid = {33B247E4-1095-4866-A7D4-C908BC390589}
	EndGlobalSection
EndGlobal
